
Microsoft Visual Studio Solution File, Format Version 12.00
# Visual Studio Version 16
VisualStudioVersion = 16.0.29123.88
MinimumVisualStudioVersion = 10.0.40219.1
Project("{9A19103F-16F7-4668-BE54-9A1E7A4F7556}") = "JogoApi", "JogoApi\JogoApi.csproj", "{DA53BD39-9197-4071-B8EB-4C2273F91CFB}"
EndProject
Project("{FAE04EC0-301F-11D3-BF4B-00C04F79EFBC}") = "JogoApi.Util", "JogoApi.Util\JogoApi.Util.csproj", "{719B03D0-64A3-4964-AF55-238DF5E1A12B}"
EndProject
Project("{FAE04EC0-301F-11D3-BF4B-00C04F79EFBC}") = "JogoApi.DTO", "JogoApi.DTO\JogoApi.DTO.csproj", "{2ECCD12F-BA29-4993-9BB5-692509C5265E}"
EndProject
Project("{FAE04EC0-301F-11D3-BF4B-00C04F79EFBC}") = "JogoApi.Dados", "JogoApi.Dados\JogoApi.Dados.csproj", "{1D201565-E580-433F-A2DF-FFE06314248E}"
EndProject
Global
	GlobalSection(SolutionConfigurationPlatforms) = preSolution
		Debug|Any CPU = Debug|Any CPU
		Release|Any CPU = Release|Any CPU
	EndGlobalSection
	GlobalSection(ProjectConfigurationPlatforms) = postSolution
		{DA53BD39-9197-4071-B8EB-4C2273F91CFB}.Debug|Any CPU.ActiveCfg = Debug|Any CPU
		{DA53BD39-9197-4071-B8EB-4C2273F91CFB}.Debug|Any CPU.Build.0 = Debug|Any CPU
		{DA53BD39-9197-4071-B8EB-4C2273F91CFB}.Release|Any CPU.ActiveCfg = Release|Any CPU
		{DA53BD39-9197-4071-B8EB-4C2273F91CFB}.Release|Any CPU.Build.0 = Release|Any CPU
		{719B03D0-64A3-4964-AF55-238DF5E1A12B}.Debug|Any CPU.ActiveCfg = Debug|Any CPU
		{719B03D0-64A3-4964-AF55-238DF5E1A12B}.Debug|Any CPU.Build.0 = Debug|Any CPU
		{719B03D0-64A3-4964-AF55-238DF5E1A12B}.Release|Any CPU.ActiveCfg = Release|Any CPU
		{719B03D0-64A3-4964-AF55-238DF5E1A12B}.Release|Any CPU.Build.0 = Release|Any CPU
		{2ECCD12F-BA29-4993-9BB5-692509C5265E}.Debug|Any CPU.ActiveCfg = Debug|Any CPU
		{2ECCD12F-BA29-4993-9BB5-692509C5265E}.Debug|Any CPU.Build.0 = Debug|Any CPU
		{2ECCD12F-BA29-4993-9BB5-692509C5265E}.Release|Any CPU.ActiveCfg = Release|Any CPU
		{2ECCD12F-BA29-4993-9BB5-692509C5265E}.Release|Any CPU.Build.0 = Release|Any CPU
		{1D201565-E580-433F-A2DF-FFE06314248E}.Debug|Any CPU.ActiveCfg = Debug|Any CPU
		{1D201565-E580-433F-A2DF-FFE06314248E}.Debug|Any CPU.Build.0 = Debug|Any CPU
		{1D201565-E580-433F-A2DF-FFE06314248E}.Release|Any CPU.ActiveCfg = Release|Any CPU
		{1D201565-E580-433F-A2DF-FFE06314248E}.Release|Any CPU.Build.0 = Release|Any CPU
	EndGlobalSection
	GlobalSection(SolutionProperties) = preSolution
		HideSolutionNode = FALSE
	EndGlobalSection
	GlobalSection(ExtensibilityGlobals) = postSolution
		SolutionGuid = {F74A8ED2-3493-4E5B-9A90-2864FC9B1EF4}
	EndGlobalSection
EndGlobal
